
Microsoft Visual Studio Solution File, Format Version 12.00
# Visual Studio Version 17
VisualStudioVersion = 17.1.32228.430
MinimumVisualStudioVersion = 10.0.40219.1
Project("{FAE04EC0-301F-11D3-BF4B-00C04F79EFBC}") = "Search Agorithm", "Search Agorithm\Search Agorithm.csproj", "{930F2044-C7B6-4113-B78A-59DBA469F72C}"
EndProject
Global
	GlobalSection(SolutionConfigurationPlatforms) = preSolution
		Debug|Any CPU = Debug|Any CPU
		Release|Any CPU = Release|Any CPU
	EndGlobalSection
	GlobalSection(ProjectConfigurationPlatforms) = postSolution
		{930F2044-C7B6-4113-B78A-59DBA469F72C}.Debug|Any CPU.ActiveCfg = Debug|Any CPU
		{930F2044-C7B6-4113-B78A-59DBA469F72C}.Debug|Any CPU.Build.0 = Debug|Any CPU
		{930F2044-C7B6-4113-B78A-59DBA469F72C}.Release|Any CPU.ActiveCfg = Release|Any CPU
		{930F2044-C7B6-4113-B78A-59DBA469F72C}.Release|Any CPU.Build.0 = Release|Any CPU
	EndGlobalSection
	GlobalSection(SolutionProperties) = preSolution
		HideSolutionNode = FALSE
	EndGlobalSection
	GlobalSection(ExtensibilityGlobals) = postSolution
		SolutionGuid = {981E5A78-5E30-4C08-B834-1CAC128C6FDC}
	EndGlobalSection
EndGlobal
